
Microsoft Visual Studio Solution File, Format Version 12.00
# Visual Studio Version 16
VisualStudioVersion = 16.0.31515.178
MinimumVisualStudioVersion = 10.0.40219.1
Project("{FAE04EC0-301F-11D3-BF4B-00C04F79EFBC}") = "CoffeMaker", "CoffeMaker\CoffeMaker.csproj", "{F633FCA9-9054-47A5-B426-DB6040D7E82A}"
EndProject
Project("{FAE04EC0-301F-11D3-BF4B-00C04F79EFBC}") = "UnitTestProject1", "UnitTestProject1\UnitTestProject1.csproj", "{219F11C1-FAE8-4D8B-9576-D916D003CD58}"
EndProject
Global
	GlobalSection(SolutionConfigurationPlatforms) = preSolution
		Debug|Any CPU = Debug|Any CPU
		Release|Any CPU = Release|Any CPU
	EndGlobalSection
	GlobalSection(ProjectConfigurationPlatforms) = postSolution
		{F633FCA9-9054-47A5-B426-DB6040D7E82A}.Debug|Any CPU.ActiveCfg = Debug|Any CPU
		{F633FCA9-9054-47A5-B426-DB6040D7E82A}.Debug|Any CPU.Build.0 = Debug|Any CPU
		{F633FCA9-9054-47A5-B426-DB6040D7E82A}.Release|Any CPU.ActiveCfg = Release|Any CPU
		{F633FCA9-9054-47A5-B426-DB6040D7E82A}.Release|Any CPU.Build.0 = Release|Any CPU
		{219F11C1-FAE8-4D8B-9576-D916D003CD58}.Debug|Any CPU.ActiveCfg = Debug|Any CPU
		{219F11C1-FAE8-4D8B-9576-D916D003CD58}.Debug|Any CPU.Build.0 = Debug|Any CPU
		{219F11C1-FAE8-4D8B-9576-D916D003CD58}.Release|Any CPU.ActiveCfg = Release|Any CPU
		{219F11C1-FAE8-4D8B-9576-D916D003CD58}.Release|Any CPU.Build.0 = Release|Any CPU
	EndGlobalSection
	GlobalSection(SolutionProperties) = preSolution
		HideSolutionNode = FALSE
	EndGlobalSection
	GlobalSection(ExtensibilityGlobals) = postSolution
		SolutionGuid = {5020E505-C1F7-49FE-AB3B-3EDA0E92A708}
	EndGlobalSection
EndGlobal
